
Microsoft Visual Studio Solution File, Format Version 12.00
# Visual Studio Version 17
VisualStudioVersion = 17.2.32616.157
MinimumVisualStudioVersion = 10.0.40219.1
Project("{9A19103F-16F7-4668-BE54-9A1E7A4F7556}") = "Server", "Server\Server.csproj", "{7D308645-B318-4215-B024-18E723252A13}"
	ProjectSection(ProjectDependencies) = postProject
		{9092704A-DCE1-4D77-9D7A-EE5C89CFBE05} = {9092704A-DCE1-4D77-9D7A-EE5C89CFBE05}
	EndProjectSection
EndProject
Project("{9A19103F-16F7-4668-BE54-9A1E7A4F7556}") = "Common", "Core\Common.csproj", "{9092704A-DCE1-4D77-9D7A-EE5C89CFBE05}"
	ProjectSection(ProjectDependencies) = postProject
		{157EA69C-9692-48B9-B7CB-A743AE4007FC} = {157EA69C-9692-48B9-B7CB-A743AE4007FC}
	EndProjectSection
EndProject
Project("{9A19103F-16F7-4668-BE54-9A1E7A4F7556}") = "Client", "Client\Client.csproj", "{2D5E6BE8-294A-4C01-B451-2812099D2A40}"
	ProjectSection(ProjectDependencies) = postProject
		{9092704A-DCE1-4D77-9D7A-EE5C89CFBE05} = {9092704A-DCE1-4D77-9D7A-EE5C89CFBE05}
	EndProjectSection
EndProject
Project("{D954291E-2A0B-460D-934E-DC6B0785DB48}") = "Content", "Content\Content.shproj", "{A0CDBD0E-3A41-42B7-9425-A838BC2C7383}"
EndProject
Project("{9A19103F-16F7-4668-BE54-9A1E7A4F7556}") = "Networking", "Networking\Networking.csproj", "{157EA69C-9692-48B9-B7CB-A743AE4007FC}"
EndProject
Project("{9A19103F-16F7-4668-BE54-9A1E7A4F7556}") = "Testing", "NetworkTesting\Testing.csproj", "{3F8342A0-238D-4CE0-AFEE-BE906705E2FD}"
	ProjectSection(ProjectDependencies) = postProject
		{9092704A-DCE1-4D77-9D7A-EE5C89CFBE05} = {9092704A-DCE1-4D77-9D7A-EE5C89CFBE05}
	EndProjectSection
EndProject
Project("{2150E333-8FDC-42A3-9474-1A3956D46DE8}") = "Solution Items", "Solution Items", "{6F8D1504-6EE5-46F9-A57E-349B2279C873}"
	ProjectSection(SolutionItems) = preProject
		.editorconfig = .editorconfig
	EndProjectSection
EndProject
Global
	GlobalSection(SolutionConfigurationPlatforms) = preSolution
		Debug|Any CPU = Debug|Any CPU
		Release|Any CPU = Release|Any CPU
	EndGlobalSection
	GlobalSection(ProjectConfigurationPlatforms) = postSolution
		{7D308645-B318-4215-B024-18E723252A13}.Debug|Any CPU.ActiveCfg = Debug|Any CPU
		{7D308645-B318-4215-B024-18E723252A13}.Debug|Any CPU.Build.0 = Debug|Any CPU
		{7D308645-B318-4215-B024-18E723252A13}.Release|Any CPU.ActiveCfg = Release|Any CPU
		{7D308645-B318-4215-B024-18E723252A13}.Release|Any CPU.Build.0 = Release|Any CPU
		{9092704A-DCE1-4D77-9D7A-EE5C89CFBE05}.Debug|Any CPU.ActiveCfg = Debug|Any CPU
		{9092704A-DCE1-4D77-9D7A-EE5C89CFBE05}.Debug|Any CPU.Build.0 = Debug|Any CPU
		{9092704A-DCE1-4D77-9D7A-EE5C89CFBE05}.Release|Any CPU.ActiveCfg = Release|Any CPU
		{9092704A-DCE1-4D77-9D7A-EE5C89CFBE05}.Release|Any CPU.Build.0 = Release|Any CPU
		{2D5E6BE8-294A-4C01-B451-2812099D2A40}.Debug|Any CPU.ActiveCfg = Debug|Any CPU
		{2D5E6BE8-294A-4C01-B451-2812099D2A40}.Debug|Any CPU.Build.0 = Debug|Any CPU
		{2D5E6BE8-294A-4C01-B451-2812099D2A40}.Release|Any CPU.ActiveCfg = Release|Any CPU
		{2D5E6BE8-294A-4C01-B451-2812099D2A40}.Release|Any CPU.Build.0 = Release|Any CPU
		{157EA69C-9692-48B9-B7CB-A743AE4007FC}.Debug|Any CPU.ActiveCfg = Debug|Any CPU
		{157EA69C-9692-48B9-B7CB-A743AE4007FC}.Debug|Any CPU.Build.0 = Debug|Any CPU
		{157EA69C-9692-48B9-B7CB-A743AE4007FC}.Release|Any CPU.ActiveCfg = Release|Any CPU
		{157EA69C-9692-48B9-B7CB-A743AE4007FC}.Release|Any CPU.Build.0 = Release|Any CPU
		{3F8342A0-238D-4CE0-AFEE-BE906705E2FD}.Debug|Any CPU.ActiveCfg = Debug|Any CPU
		{3F8342A0-238D-4CE0-AFEE-BE906705E2FD}.Debug|Any CPU.Build.0 = Debug|Any CPU
		{3F8342A0-238D-4CE0-AFEE-BE906705E2FD}.Release|Any CPU.ActiveCfg = Release|Any CPU
		{3F8342A0-238D-4CE0-AFEE-BE906705E2FD}.Release|Any CPU.Build.0 = Release|Any CPU
	EndGlobalSection
	GlobalSection(SolutionProperties) = preSolution
		HideSolutionNode = FALSE
	EndGlobalSection
	GlobalSection(ExtensibilityGlobals) = postSolution
		SolutionGuid = {A490DDB2-4437-4C00-95A2-9BBDB31B8DB1}
	EndGlobalSection
	GlobalSection(SharedMSBuildProjectFiles) = preSolution
		Content\Content.projitems*{a0cdbd0e-3a41-42b7-9425-a838bc2c7383}*SharedItemsImports = 13
	EndGlobalSection
EndGlobal
